// !$*UTF8*$!
{
	archiveVersion = 1;
	classes = {
	};
	objectVersion = 56;
	objects = {

/* Begin PBXBuildFile section */
		0AB24A2B29F763FE0044B9D3 /* AppDelegate.swift in Sources */ = {isa = PBXBuildFile; fileRef = 0AB24A2A29F763FE0044B9D3 /* AppDelegate.swift */; };
		0AB24A2D29F763FE0044B9D3 /* SceneDelegate.swift in Sources */ = {isa = PBXBuildFile; fileRef = 0AB24A2C29F763FE0044B9D3 /* SceneDelegate.swift */; };
		0AB24A2F29F763FE0044B9D3 /* ViewController.swift in Sources */ = {isa = PBXBuildFile; fileRef = 0AB24A2E29F763FE0044B9D3 /* ViewController.swift */; };
		0AB24A3529F763FE0044B9D3 /* Oops_Coding_Challenge.xcdatamodeld in Sources */ = {isa = PBXBuildFile; fileRef = 0AB24A3329F763FE0044B9D3 /* Oops_Coding_Challenge.xcdatamodeld */; };
		0AB24A3729F763FF0044B9D3 /* Assets.xcassets in Resources */ = {isa = PBXBuildFile; fileRef = 0AB24A3629F763FF0044B9D3 /* Assets.xcassets */; };
		0AB24A3A29F763FF0044B9D3 /* LaunchScreen.storyboard in Resources */ = {isa = PBXBuildFile; fileRef = 0AB24A3829F763FF0044B9D3 /* LaunchScreen.storyboard */; };
		0AB24A4529F764000044B9D3 /* Oops_Coding_ChallengeTests.swift in Sources */ = {isa = PBXBuildFile; fileRef = 0AB24A4429F764000044B9D3 /* Oops_Coding_ChallengeTests.swift */; };
		0AB24A4F29F764000044B9D3 /* Oops_Coding_ChallengeUITests.swift in Sources */ = {isa = PBXBuildFile; fileRef = 0AB24A4E29F764000044B9D3 /* Oops_Coding_ChallengeUITests.swift */; };
		0AB24A5129F764000044B9D3 /* Oops_Coding_ChallengeUITestsLaunchTests.swift in Sources */ = {isa = PBXBuildFile; fileRef = 0AB24A5029F764000044B9D3 /* Oops_Coding_ChallengeUITestsLaunchTests.swift */; };
		0AB24A5E29F768950044B9D3 /* CardView.swift in Sources */ = {isa = PBXBuildFile; fileRef = 0AB24A5D29F768950044B9D3 /* CardView.swift */; };
		0AB24A6229F769010044B9D3 /* CollectionViewController.swift in Sources */ = {isa = PBXBuildFile; fileRef = 0AB24A6129F769010044B9D3 /* CollectionViewController.swift */; };
		0AB24A6B29F773730044B9D3 /* Constants.swift in Sources */ = {isa = PBXBuildFile; fileRef = 0AB24A6A29F773730044B9D3 /* Constants.swift */; };
		0AB24A6D29F775AA0044B9D3 /* StrokeFillUtil.swift in Sources */ = {isa = PBXBuildFile; fileRef = 0AB24A6C29F775AA0044B9D3 /* StrokeFillUtil.swift */; };
		0AB24A7B29F9FBB10044B9D3 /* InterfaceViewModel.swift in Sources */ = {isa = PBXBuildFile; fileRef = 0AB24A7A29F9FBB10044B9D3 /* InterfaceViewModel.swift */; };
		0AB24A7D29FA07CB0044B9D3 /* DetailView.swift in Sources */ = {isa = PBXBuildFile; fileRef = 0AB24A7C29FA07CB0044B9D3 /* DetailView.swift */; };
		0AB24A8129FA1D020044B9D3 /* MovieModel.swift in Sources */ = {isa = PBXBuildFile; fileRef = 0AB24A8029FA1D020044B9D3 /* MovieModel.swift */; };
		0AB24A8329FA215D0044B9D3 /* AsyncAfterUtil.swift in Sources */ = {isa = PBXBuildFile; fileRef = 0AB24A8229FA215D0044B9D3 /* AsyncAfterUtil.swift */; };
		0AB24A8529FA225F0044B9D3 /* SafeAreaInsetsUtil.swift in Sources */ = {isa = PBXBuildFile; fileRef = 0AB24A8429FA225F0044B9D3 /* SafeAreaInsetsUtil.swift */; };
		0AB24A8C29FA37980044B9D3 /* UIImageColors in Frameworks */ = {isa = PBXBuildFile; productRef = 0AB24A8B29FA37980044B9D3 /* UIImageColors */; };
		0AB24A8E29FA41AA0044B9D3 /* ColorUtil.swift in Sources */ = {isa = PBXBuildFile; fileRef = 0AB24A8D29FA41AA0044B9D3 /* ColorUtil.swift */; };
		0AB24A9029FA48DD0044B9D3 /* BlurView.swift in Sources */ = {isa = PBXBuildFile; fileRef = 0AB24A8F29FA48DD0044B9D3 /* BlurView.swift */; };
		0AB24A9229FA4B260044B9D3 /* CardSizing.swift in Sources */ = {isa = PBXBuildFile; fileRef = 0AB24A9129FA4B260044B9D3 /* CardSizing.swift */; };
		0AB24A9429FA4BCE0044B9D3 /* PosterDetailBackground.swift in Sources */ = {isa = PBXBuildFile; fileRef = 0AB24A9329FA4BCE0044B9D3 /* PosterDetailBackground.swift */; };
		0AFCE0F329FAC76B00009C29 /* SDWebImageSwiftUI in Frameworks */ = {isa = PBXBuildFile; productRef = 0AFCE0F229FAC76B00009C29 /* SDWebImageSwiftUI */; };
		0AFCE0FC29FAE28D00009C29 /* SkewEffect.swift in Sources */ = {isa = PBXBuildFile; fileRef = 0AFCE0FB29FAE28D00009C29 /* SkewEffect.swift */; };
		0AFCE10029FAE41100009C29 /* MoviesViewModel.swift in Sources */ = {isa = PBXBuildFile; fileRef = 0AFCE0FF29FAE41100009C29 /* MoviesViewModel.swift */; };
		0AFCE10629FAF57F00009C29 /* CardCollectionViewCell.swift in Sources */ = {isa = PBXBuildFile; fileRef = 0AFCE10529FAF57F00009C29 /* CardCollectionViewCell.swift */; };
/* End PBXBuildFile section */

/* Begin PBXContainerItemProxy section */
		0AB24A4129F764000044B9D3 /* PBXContainerItemProxy */ = {
			isa = PBXContainerItemProxy;
			containerPortal = 0AB24A1F29F763FE0044B9D3 /* Project object */;
			proxyType = 1;
			remoteGlobalIDString = 0AB24A2629F763FE0044B9D3;
			remoteInfo = "Oops Coding Challenge";
		};
		0AB24A4B29F764000044B9D3 /* PBXContainerItemProxy */ = {
			isa = PBXContainerItemProxy;
			containerPortal = 0AB24A1F29F763FE0044B9D3 /* Project object */;
			proxyType = 1;
			remoteGlobalIDString = 0AB24A2629F763FE0044B9D3;
			remoteInfo = "Oops Coding Challenge";
		};
/* End PBXContainerItemProxy section */

/* Begin PBXFileReference section */
		0AB24A2729F763FE0044B9D3 /* Oops Coding Challenge.app */ = {isa = PBXFileReference; explicitFileType = wrapper.application; includeInIndex = 0; path = "Oops Coding Challenge.app"; sourceTree = BUILT_PRODUCTS_DIR; };
		0AB24A2A29F763FE0044B9D3 /* AppDelegate.swift */ = {isa = PBXFileReference; lastKnownFileType = sourcecode.swift; path = AppDelegate.swift; sourceTree = "<group>"; };
		0AB24A2C29F763FE0044B9D3 /* SceneDelegate.swift */ = {isa = PBXFileReference; lastKnownFileType = sourcecode.swift; path = SceneDelegate.swift; sourceTree = "<group>"; };
		0AB24A2E29F763FE0044B9D3 /* ViewController.swift */ = {isa = PBXFileReference; lastKnownFileType = sourcecode.swift; path = ViewController.swift; sourceTree = "<group>"; };
		0AB24A3429F763FE0044B9D3 /* Oops_Coding_Challenge.xcdatamodel */ = {isa = PBXFileReference; lastKnownFileType = wrapper.xcdatamodel; path = Oops_Coding_Challenge.xcdatamodel; sourceTree = "<group>"; };
		0AB24A3629F763FF0044B9D3 /* Assets.xcassets */ = {isa = PBXFileReference; lastKnownFileType = folder.assetcatalog; path = Assets.xcassets; sourceTree = "<group>"; };
		0AB24A3929F763FF0044B9D3 /* Base */ = {isa = PBXFileReference; lastKnownFileType = file.storyboard; name = Base; path = Base.lproj/LaunchScreen.storyboard; sourceTree = "<group>"; };
		0AB24A3B29F763FF0044B9D3 /* Info.plist */ = {isa = PBXFileReference; lastKnownFileType = text.plist.xml; path = Info.plist; sourceTree = "<group>"; };
		0AB24A4029F764000044B9D3 /* Oops Coding ChallengeTests.xctest */ = {isa = PBXFileReference; explicitFileType = wrapper.cfbundle; includeInIndex = 0; path = "Oops Coding ChallengeTests.xctest"; sourceTree = BUILT_PRODUCTS_DIR; };
		0AB24A4429F764000044B9D3 /* Oops_Coding_ChallengeTests.swift */ = {isa = PBXFileReference; lastKnownFileType = sourcecode.swift; path = Oops_Coding_ChallengeTests.swift; sourceTree = "<group>"; };
		0AB24A4A29F764000044B9D3 /* Oops Coding ChallengeUITests.xctest */ = {isa = PBXFileReference; explicitFileType = wrapper.cfbundle; includeInIndex = 0; path = "Oops Coding ChallengeUITests.xctest"; sourceTree = BUILT_PRODUCTS_DIR; };
		0AB24A4E29F764000044B9D3 /* Oops_Coding_ChallengeUITests.swift */ = {isa = PBXFileReference; lastKnownFileType = sourcecode.swift; path = Oops_Coding_ChallengeUITests.swift; sourceTree = "<group>"; };
		0AB24A5029F764000044B9D3 /* Oops_Coding_ChallengeUITestsLaunchTests.swift */ = {isa = PBXFileReference; lastKnownFileType = sourcecode.swift; path = Oops_Coding_ChallengeUITestsLaunchTests.swift; sourceTree = "<group>"; };
		0AB24A5D29F768950044B9D3 /* CardView.swift */ = {isa = PBXFileReference; lastKnownFileType = sourcecode.swift; path = CardView.swift; sourceTree = "<group>"; };
		0AB24A6129F769010044B9D3 /* CollectionViewController.swift */ = {isa = PBXFileReference; lastKnownFileType = sourcecode.swift; path = CollectionViewController.swift; sourceTree = "<group>"; };
		0AB24A6A29F773730044B9D3 /* Constants.swift */ = {isa = PBXFileReference; lastKnownFileType = sourcecode.swift; path = Constants.swift; sourceTree = "<group>"; };
		0AB24A6C29F775AA0044B9D3 /* StrokeFillUtil.swift */ = {isa = PBXFileReference; lastKnownFileType = sourcecode.swift; path = StrokeFillUtil.swift; sourceTree = "<group>"; };
		0AB24A7A29F9FBB10044B9D3 /* InterfaceViewModel.swift */ = {isa = PBXFileReference; lastKnownFileType = sourcecode.swift; path = InterfaceViewModel.swift; sourceTree = "<group>"; };
		0AB24A7C29FA07CB0044B9D3 /* DetailView.swift */ = {isa = PBXFileReference; lastKnownFileType = sourcecode.swift; path = DetailView.swift; sourceTree = "<group>"; };
		0AB24A8029FA1D020044B9D3 /* MovieModel.swift */ = {isa = PBXFileReference; lastKnownFileType = sourcecode.swift; path = MovieModel.swift; sourceTree = "<group>"; };
		0AB24A8229FA215D0044B9D3 /* AsyncAfterUtil.swift */ = {isa = PBXFileReference; lastKnownFileType = sourcecode.swift; path = AsyncAfterUtil.swift; sourceTree = "<group>"; };
		0AB24A8429FA225F0044B9D3 /* SafeAreaInsetsUtil.swift */ = {isa = PBXFileReference; lastKnownFileType = sourcecode.swift; path = SafeAreaInsetsUtil.swift; sourceTree = "<group>"; };
		0AB24A8D29FA41AA0044B9D3 /* ColorUtil.swift */ = {isa = PBXFileReference; lastKnownFileType = sourcecode.swift; path = ColorUtil.swift; sourceTree = "<group>"; };
		0AB24A8F29FA48DD0044B9D3 /* BlurView.swift */ = {isa = PBXFileReference; lastKnownFileType = sourcecode.swift; path = BlurView.swift; sourceTree = "<group>"; };
		0AB24A9129FA4B260044B9D3 /* CardSizing.swift */ = {isa = PBXFileReference; lastKnownFileType = sourcecode.swift; path = CardSizing.swift; sourceTree = "<group>"; };
		0AB24A9329FA4BCE0044B9D3 /* PosterDetailBackground.swift */ = {isa = PBXFileReference; lastKnownFileType = sourcecode.swift; path = PosterDetailBackground.swift; sourceTree = "<group>"; };
		0AFCE0FB29FAE28D00009C29 /* SkewEffect.swift */ = {isa = PBXFileReference; lastKnownFileType = sourcecode.swift; path = SkewEffect.swift; sourceTree = "<group>"; };
		0AFCE0FF29FAE41100009C29 /* MoviesViewModel.swift */ = {isa = PBXFileReference; lastKnownFileType = sourcecode.swift; path = MoviesViewModel.swift; sourceTree = "<group>"; };
		0AFCE10529FAF57F00009C29 /* CardCollectionViewCell.swift */ = {isa = PBXFileReference; fileEncoding = 4; lastKnownFileType = sourcecode.swift; name = CardCollectionViewCell.swift; path = ../../../../../.Trash/CardCollectionViewCell.swift; sourceTree = "<group>"; };
		0AFCE10829FAF5A200009C29 /* CardCollectionViewCell.swift */ = {isa = PBXFileReference; lastKnownFileType = sourcecode.swift; path = CardCollectionViewCell.swift; sourceTree = "<group>"; };
/* End PBXFileReference section */

/* Begin PBXFrameworksBuildPhase section */
		0AB24A2429F763FE0044B9D3 /* Frameworks */ = {
			isa = PBXFrameworksBuildPhase;
			buildActionMask = 2147483647;
			files = (
				0AFCE0F329FAC76B00009C29 /* SDWebImageSwiftUI in Frameworks */,
				0AB24A8C29FA37980044B9D3 /* UIImageColors in Frameworks */,
			);
			runOnlyForDeploymentPostprocessing = 0;
		};
		0AB24A3D29F764000044B9D3 /* Frameworks */ = {
			isa = PBXFrameworksBuildPhase;
			buildActionMask = 2147483647;
			files = (
			);
			runOnlyForDeploymentPostprocessing = 0;
		};
		0AB24A4729F764000044B9D3 /* Frameworks */ = {
			isa = PBXFrameworksBuildPhase;
			buildActionMask = 2147483647;
			files = (
			);
			runOnlyForDeploymentPostprocessing = 0;
		};
/* End PBXFrameworksBuildPhase section */

/* Begin PBXGroup section */
		0AB24A1E29F763FE0044B9D3 = {
			isa = PBXGroup;
			children = (
				0AB24A2929F763FE0044B9D3 /* Oops Coding Challenge */,
				0AB24A4329F764000044B9D3 /* Oops Coding ChallengeTests */,
				0AB24A4D29F764000044B9D3 /* Oops Coding ChallengeUITests */,
				0AB24A2829F763FE0044B9D3 /* Products */,
			);
			sourceTree = "<group>";
		};
		0AB24A2829F763FE0044B9D3 /* Products */ = {
			isa = PBXGroup;
			children = (
				0AB24A2729F763FE0044B9D3 /* Oops Coding Challenge.app */,
				0AB24A4029F764000044B9D3 /* Oops Coding ChallengeTests.xctest */,
				0AB24A4A29F764000044B9D3 /* Oops Coding ChallengeUITests.xctest */,
			);
			name = Products;
			sourceTree = "<group>";
		};
		0AB24A2929F763FE0044B9D3 /* Oops Coding Challenge */ = {
			isa = PBXGroup;
			children = (
				0AB24A3B29F763FF0044B9D3 /* Info.plist */,
				0AB24A6929F772C60044B9D3 /* App */,
				0AB24A7929F9FBA30044B9D3 /* Models */,
				0AB24A6729F772990044B9D3 /* Components */,
				0AB24A6829F772B60044B9D3 /* Screens */,
				0AB24A6529F7728F0044B9D3 /* Utils */,
			);
			path = "Oops Coding Challenge";
			sourceTree = "<group>";
		};
		0AB24A4329F764000044B9D3 /* Oops Coding ChallengeTests */ = {
			isa = PBXGroup;
			children = (
				0AB24A4429F764000044B9D3 /* Oops_Coding_ChallengeTests.swift */,
			);
			path = "Oops Coding ChallengeTests";
			sourceTree = "<group>";
		};
		0AB24A4D29F764000044B9D3 /* Oops Coding ChallengeUITests */ = {
			isa = PBXGroup;
			children = (
				0AB24A4E29F764000044B9D3 /* Oops_Coding_ChallengeUITests.swift */,
				0AB24A5029F764000044B9D3 /* Oops_Coding_ChallengeUITestsLaunchTests.swift */,
			);
			path = "Oops Coding ChallengeUITests";
			sourceTree = "<group>";
		};
		0AB24A6529F7728F0044B9D3 /* Utils */ = {
			isa = PBXGroup;
			children = (
				0AB24A8229FA215D0044B9D3 /* AsyncAfterUtil.swift */,
				0AB24A8D29FA41AA0044B9D3 /* ColorUtil.swift */,
				0AB24A6A29F773730044B9D3 /* Constants.swift */,
				0AB24A8429FA225F0044B9D3 /* SafeAreaInsetsUtil.swift */,
				0AB24A6C29F775AA0044B9D3 /* StrokeFillUtil.swift */,
			);
			path = Utils;
			sourceTree = "<group>";
		};
		0AB24A6729F772990044B9D3 /* Components */ = {
			isa = PBXGroup;
			children = (
				0AB24A8F29FA48DD0044B9D3 /* BlurView.swift */,
				0AFCE10529FAF57F00009C29 /* CardCollectionViewCell.swift */,
				0AFCE10729FAF59D00009C29 /* MovieCollectionView */,
				0AFCE0F629FAE23100009C29 /* MovieCard */,
			);
			path = Components;
			sourceTree = "<group>";
		};
		0AB24A6829F772B60044B9D3 /* Screens */ = {
			isa = PBXGroup;
			children = (
				0AFCE0FD29FAE2B400009C29 /* DetailView */,
				0AB24A2E29F763FE0044B9D3 /* ViewController.swift */,
			);
			path = Screens;
			sourceTree = "<group>";
		};
		0AB24A6929F772C60044B9D3 /* App */ = {
			isa = PBXGroup;
			children = (
				0AB24A3629F763FF0044B9D3 /* Assets.xcassets */,
				0AB24A2A29F763FE0044B9D3 /* AppDelegate.swift */,
				0AB24A2C29F763FE0044B9D3 /* SceneDelegate.swift */,
				0AB24A3329F763FE0044B9D3 /* Oops_Coding_Challenge.xcdatamodeld */,
				0AB24A3829F763FF0044B9D3 /* LaunchScreen.storyboard */,
			);
			path = App;
			sourceTree = "<group>";
		};
		0AB24A7929F9FBA30044B9D3 /* Models */ = {
			isa = PBXGroup;
			children = (
				0AB24A9129FA4B260044B9D3 /* CardSizing.swift */,
				0AB24A7A29F9FBB10044B9D3 /* InterfaceViewModel.swift */,
				0AB24A8029FA1D020044B9D3 /* MovieModel.swift */,
				0AFCE0FF29FAE41100009C29 /* MoviesViewModel.swift */,
			);
			path = Models;
			sourceTree = "<group>";
		};
		0AFCE0F629FAE23100009C29 /* MovieCard */ = {
			isa = PBXGroup;
			children = (
				0AB24A5D29F768950044B9D3 /* CardView.swift */,
				0AFCE0FB29FAE28D00009C29 /* SkewEffect.swift */,
			);
			path = MovieCard;
			sourceTree = "<group>";
		};
		0AFCE0FD29FAE2B400009C29 /* DetailView */ = {
			isa = PBXGroup;
			children = (
				0AB24A7C29FA07CB0044B9D3 /* DetailView.swift */,
				0AB24A9329FA4BCE0044B9D3 /* PosterDetailBackground.swift */,
			);
			path = DetailView;
			sourceTree = "<group>";
		};
		0AFCE10729FAF59D00009C29 /* MovieCollectionView */ = {
			isa = PBXGroup;
			children = (
				0AFCE10829FAF5A200009C29 /* CardCollectionViewCell.swift */,
				0AB24A6129F769010044B9D3 /* CollectionViewController.swift */,
			);
			path = MovieCollectionView;
			sourceTree = "<group>";
		};
/* End PBXGroup section */

/* Begin PBXNativeTarget section */
		0AB24A2629F763FE0044B9D3 /* Oops Coding Challenge */ = {
			isa = PBXNativeTarget;
			buildConfigurationList = 0AB24A5429F764000044B9D3 /* Build configuration list for PBXNativeTarget "Oops Coding Challenge" */;
			buildPhases = (
				0AB24A2329F763FE0044B9D3 /* Sources */,
				0AB24A2429F763FE0044B9D3 /* Frameworks */,
				0AB24A2529F763FE0044B9D3 /* Resources */,
			);
			buildRules = (
			);
			dependencies = (
			);
			name = "Oops Coding Challenge";
			packageProductDependencies = (
				0AB24A8B29FA37980044B9D3 /* UIImageColors */,
				0AFCE0F229FAC76B00009C29 /* SDWebImageSwiftUI */,
			);
			productName = "Oops Coding Challenge";
			productReference = 0AB24A2729F763FE0044B9D3 /* Oops Coding Challenge.app */;
			productType = "com.apple.product-type.application";
		};
		0AB24A3F29F764000044B9D3 /* Oops Coding ChallengeTests */ = {
			isa = PBXNativeTarget;
			buildConfigurationList = 0AB24A5729F764000044B9D3 /* Build configuration list for PBXNativeTarget "Oops Coding ChallengeTests" */;
			buildPhases = (
				0AB24A3C29F764000044B9D3 /* Sources */,
				0AB24A3D29F764000044B9D3 /* Frameworks */,
				0AB24A3E29F764000044B9D3 /* Resources */,
			);
			buildRules = (
			);
			dependencies = (
				0AB24A4229F764000044B9D3 /* PBXTargetDependency */,
			);
			name = "Oops Coding ChallengeTests";
			productName = "Oops Coding ChallengeTests";
			productReference = 0AB24A4029F764000044B9D3 /* Oops Coding ChallengeTests.xctest */;
			productType = "com.apple.product-type.bundle.unit-test";
		};
		0AB24A4929F764000044B9D3 /* Oops Coding ChallengeUITests */ = {
			isa = PBXNativeTarget;
			buildConfigurationList = 0AB24A5A29F764000044B9D3 /* Build configuration list for PBXNativeTarget "Oops Coding ChallengeUITests" */;
			buildPhases = (
				0AB24A4629F764000044B9D3 /* Sources */,
				0AB24A4729F764000044B9D3 /* Frameworks */,
				0AB24A4829F764000044B9D3 /* Resources */,
			);
			buildRules = (
			);
			dependencies = (
				0AB24A4C29F764000044B9D3 /* PBXTargetDependency */,
			);
			name = "Oops Coding ChallengeUITests";
			productName = "Oops Coding ChallengeUITests";
			productReference = 0AB24A4A29F764000044B9D3 /* Oops Coding ChallengeUITests.xctest */;
			productType = "com.apple.product-type.bundle.ui-testing";
		};
/* End PBXNativeTarget section */

/* Begin PBXProject section */
		0AB24A1F29F763FE0044B9D3 /* Project object */ = {
			isa = PBXProject;
			attributes = {
				BuildIndependentTargetsInParallel = 1;
				LastSwiftUpdateCheck = 1430;
				LastUpgradeCheck = 1430;
				TargetAttributes = {
					0AB24A2629F763FE0044B9D3 = {
						CreatedOnToolsVersion = 14.3;
					};
					0AB24A3F29F764000044B9D3 = {
						CreatedOnToolsVersion = 14.3;
						TestTargetID = 0AB24A2629F763FE0044B9D3;
					};
					0AB24A4929F764000044B9D3 = {
						CreatedOnToolsVersion = 14.3;
						TestTargetID = 0AB24A2629F763FE0044B9D3;
					};
				};
			};
			buildConfigurationList = 0AB24A2229F763FE0044B9D3 /* Build configuration list for PBXProject "Oops Coding Challenge" */;
			compatibilityVersion = "Xcode 14.0";
			developmentRegion = en;
			hasScannedForEncodings = 0;
			knownRegions = (
				en,
				Base,
			);
			mainGroup = 0AB24A1E29F763FE0044B9D3;
			packageReferences = (
				0AB24A8A29FA37980044B9D3 /* XCRemoteSwiftPackageReference "UIImageColors" */,
				0AFCE0F129FAC76B00009C29 /* XCRemoteSwiftPackageReference "SDWebImageSwiftUI" */,
			);
			productRefGroup = 0AB24A2829F763FE0044B9D3 /* Products */;
			projectDirPath = "";
			projectRoot = "";
			targets = (
				0AB24A2629F763FE0044B9D3 /* Oops Coding Challenge */,
				0AB24A3F29F764000044B9D3 /* Oops Coding ChallengeTests */,
				0AB24A4929F764000044B9D3 /* Oops Coding ChallengeUITests */,
			);
		};
/* End PBXProject section */

/* Begin PBXResourcesBuildPhase section */
		0AB24A2529F763FE0044B9D3 /* Resources */ = {
			isa = PBXResourcesBuildPhase;
			buildActionMask = 2147483647;
			files = (
				0AB24A3A29F763FF0044B9D3 /* LaunchScreen.storyboard in Resources */,
				0AB24A3729F763FF0044B9D3 /* Assets.xcassets in Resources */,
			);
			runOnlyForDeploymentPostprocessing = 0;
		};
		0AB24A3E29F764000044B9D3 /* Resources */ = {
			isa = PBXResourcesBuildPhase;
			buildActionMask = 2147483647;
			files = (
			);
			runOnlyForDeploymentPostprocessing = 0;
		};
		0AB24A4829F764000044B9D3 /* Resources */ = {
			isa = PBXResourcesBuildPhase;
			buildActionMask = 2147483647;
			files = (
			);
			runOnlyForDeploymentPostprocessing = 0;
		};
/* End PBXResourcesBuildPhase section */

/* Begin PBXSourcesBuildPhase section */
		0AB24A2329F763FE0044B9D3 /* Sources */ = {
			isa = PBXSourcesBuildPhase;
			buildActionMask = 2147483647;
			files = (
				0AB24A3529F763FE0044B9D3 /* Oops_Coding_Challenge.xcdatamodeld in Sources */,
				0AB24A9029FA48DD0044B9D3 /* BlurView.swift in Sources */,
				0AB24A2F29F763FE0044B9D3 /* ViewController.swift in Sources */,
				0AB24A2B29F763FE0044B9D3 /* AppDelegate.swift in Sources */,
				0AB24A9429FA4BCE0044B9D3 /* PosterDetailBackground.swift in Sources */,
				0AB24A8129FA1D020044B9D3 /* MovieModel.swift in Sources */,
				0AB24A2D29F763FE0044B9D3 /* SceneDelegate.swift in Sources */,
				0AB24A6D29F775AA0044B9D3 /* StrokeFillUtil.swift in Sources */,
				0AFCE10629FAF57F00009C29 /* CardCollectionViewCell.swift in Sources */,
				0AB24A6229F769010044B9D3 /* CollectionViewController.swift in Sources */,
				0AFCE0FC29FAE28D00009C29 /* SkewEffect.swift in Sources */,
				0AB24A8529FA225F0044B9D3 /* SafeAreaInsetsUtil.swift in Sources */,
				0AB24A7B29F9FBB10044B9D3 /* InterfaceViewModel.swift in Sources */,
				0AFCE10029FAE41100009C29 /* MoviesViewModel.swift in Sources */,
				0AB24A8E29FA41AA0044B9D3 /* ColorUtil.swift in Sources */,
				0AB24A9229FA4B260044B9D3 /* CardSizing.swift in Sources */,
				0AB24A5E29F768950044B9D3 /* CardView.swift in Sources */,
				0AB24A6B29F773730044B9D3 /* Constants.swift in Sources */,
				0AB24A8329FA215D0044B9D3 /* AsyncAfterUtil.swift in Sources */,
				0AB24A7D29FA07CB0044B9D3 /* DetailView.swift in Sources */,
			);
			runOnlyForDeploymentPostprocessing = 0;
		};
		0AB24A3C29F764000044B9D3 /* Sources */ = {
			isa = PBXSourcesBuildPhase;
			buildActionMask = 2147483647;
			files = (
				0AB24A4529F764000044B9D3 /* Oops_Coding_ChallengeTests.swift in Sources */,
			);
			runOnlyForDeploymentPostprocessing = 0;
		};
		0AB24A4629F764000044B9D3 /* Sources */ = {
			isa = PBXSourcesBuildPhase;
			buildActionMask = 2147483647;
			files = (
				0AB24A4F29F764000044B9D3 /* Oops_Coding_ChallengeUITests.swift in Sources */,
				0AB24A5129F764000044B9D3 /* Oops_Coding_ChallengeUITestsLaunchTests.swift in Sources */,
			);
			runOnlyForDeploymentPostprocessing = 0;
		};
/* End PBXSourcesBuildPhase section */

/* Begin PBXTargetDependency section */
		0AB24A4229F764000044B9D3 /* PBXTargetDependency */ = {
			isa = PBXTargetDependency;
			target = 0AB24A2629F763FE0044B9D3 /* Oops Coding Challenge */;
			targetProxy = 0AB24A4129F764000044B9D3 /* PBXContainerItemProxy */;
		};
		0AB24A4C29F764000044B9D3 /* PBXTargetDependency */ = {
			isa = PBXTargetDependency;
			target = 0AB24A2629F763FE0044B9D3 /* Oops Coding Challenge */;
			targetProxy = 0AB24A4B29F764000044B9D3 /* PBXContainerItemProxy */;
		};
/* End PBXTargetDependency section */

/* Begin PBXVariantGroup section */
		0AB24A3829F763FF0044B9D3 /* LaunchScreen.storyboard */ = {
			isa = PBXVariantGroup;
			children = (
				0AB24A3929F763FF0044B9D3 /* Base */,
			);
			name = LaunchScreen.storyboard;
			sourceTree = "<group>";
		};
/* End PBXVariantGroup section */

/* Begin XCBuildConfiguration section */
		0AB24A5229F764000044B9D3 /* Debug */ = {
			isa = XCBuildConfiguration;
			buildSettings = {
				ALWAYS_SEARCH_USER_PATHS = NO;
				CLANG_ANALYZER_NONNULL = YES;
				CLANG_ANALYZER_NUMBER_OBJECT_CONVERSION = YES_AGGRESSIVE;
				CLANG_CXX_LANGUAGE_STANDARD = "gnu++20";
				CLANG_ENABLE_MODULES = YES;
				CLANG_ENABLE_OBJC_ARC = YES;
				CLANG_ENABLE_OBJC_WEAK = YES;
				CLANG_WARN_BLOCK_CAPTURE_AUTORELEASING = YES;
				CLANG_WARN_BOOL_CONVERSION = YES;
				CLANG_WARN_COMMA = YES;
				CLANG_WARN_CONSTANT_CONVERSION = YES;
				CLANG_WARN_DEPRECATED_OBJC_IMPLEMENTATIONS = YES;
				CLANG_WARN_DIRECT_OBJC_ISA_USAGE = YES_ERROR;
				CLANG_WARN_DOCUMENTATION_COMMENTS = YES;
				CLANG_WARN_EMPTY_BODY = YES;
				CLANG_WARN_ENUM_CONVERSION = YES;
				CLANG_WARN_INFINITE_RECURSION = YES;
				CLANG_WARN_INT_CONVERSION = YES;
				CLANG_WARN_NON_LITERAL_NULL_CONVERSION = YES;
				CLANG_WARN_OBJC_IMPLICIT_RETAIN_SELF = YES;
				CLANG_WARN_OBJC_LITERAL_CONVERSION = YES;
				CLANG_WARN_OBJC_ROOT_CLASS = YES_ERROR;
				CLANG_WARN_QUOTED_INCLUDE_IN_FRAMEWORK_HEADER = YES;
				CLANG_WARN_RANGE_LOOP_ANALYSIS = YES;
				CLANG_WARN_STRICT_PROTOTYPES = YES;
				CLANG_WARN_SUSPICIOUS_MOVE = YES;
				CLANG_WARN_UNGUARDED_AVAILABILITY = YES_AGGRESSIVE;
				CLANG_WARN_UNREACHABLE_CODE = YES;
				CLANG_WARN__DUPLICATE_METHOD_MATCH = YES;
				COPY_PHASE_STRIP = NO;
				DEBUG_INFORMATION_FORMAT = dwarf;
				ENABLE_STRICT_OBJC_MSGSEND = YES;
				ENABLE_TESTABILITY = YES;
				GCC_C_LANGUAGE_STANDARD = gnu11;
				GCC_DYNAMIC_NO_PIC = NO;
				GCC_NO_COMMON_BLOCKS = YES;
				GCC_OPTIMIZATION_LEVEL = 0;
				GCC_PREPROCESSOR_DEFINITIONS = (
					"DEBUG=1",
					"$(inherited)",
				);
				GCC_WARN_64_TO_32_BIT_CONVERSION = YES;
				GCC_WARN_ABOUT_RETURN_TYPE = YES_ERROR;
				GCC_WARN_UNDECLARED_SELECTOR = YES;
				GCC_WARN_UNINITIALIZED_AUTOS = YES_AGGRESSIVE;
				GCC_WARN_UNUSED_FUNCTION = YES;
				GCC_WARN_UNUSED_VARIABLE = YES;
				IPHONEOS_DEPLOYMENT_TARGET = 16.0;
				MTL_ENABLE_DEBUG_INFO = INCLUDE_SOURCE;
				MTL_FAST_MATH = YES;
				ONLY_ACTIVE_ARCH = YES;
				SDKROOT = iphoneos;
				SWIFT_ACTIVE_COMPILATION_CONDITIONS = DEBUG;
				SWIFT_OPTIMIZATION_LEVEL = "-Onone";
			};
			name = Debug;
		};
		0AB24A5329F764000044B9D3 /* Release */ = {
			isa = XCBuildConfiguration;
			buildSettings = {
				ALWAYS_SEARCH_USER_PATHS = NO;
				CLANG_ANALYZER_NONNULL = YES;
				CLANG_ANALYZER_NUMBER_OBJECT_CONVERSION = YES_AGGRESSIVE;
				CLANG_CXX_LANGUAGE_STANDARD = "gnu++20";
				CLANG_ENABLE_MODULES = YES;
				CLANG_ENABLE_OBJC_ARC = YES;
				CLANG_ENABLE_OBJC_WEAK = YES;
				CLANG_WARN_BLOCK_CAPTURE_AUTORELEASING = YES;
				CLANG_WARN_BOOL_CONVERSION = YES;
				CLANG_WARN_COMMA = YES;
				CLANG_WARN_CONSTANT_CONVERSION = YES;
				CLANG_WARN_DEPRECATED_OBJC_IMPLEMENTATIONS = YES;
				CLANG_WARN_DIRECT_OBJC_ISA_USAGE = YES_ERROR;
				CLANG_WARN_DOCUMENTATION_COMMENTS = YES;
				CLANG_WARN_EMPTY_BODY = YES;
				CLANG_WARN_ENUM_CONVERSION = YES;
				CLANG_WARN_INFINITE_RECURSION = YES;
				CLANG_WARN_INT_CONVERSION = YES;
				CLANG_WARN_NON_LITERAL_NULL_CONVERSION = YES;
				CLANG_WARN_OBJC_IMPLICIT_RETAIN_SELF = YES;
				CLANG_WARN_OBJC_LITERAL_CONVERSION = YES;
				CLANG_WARN_OBJC_ROOT_CLASS = YES_ERROR;
				CLANG_WARN_QUOTED_INCLUDE_IN_FRAMEWORK_HEADER = YES;
				CLANG_WARN_RANGE_LOOP_ANALYSIS = YES;
				CLANG_WARN_STRICT_PROTOTYPES = YES;
				CLANG_WARN_SUSPICIOUS_MOVE = YES;
				CLANG_WARN_UNGUARDED_AVAILABILITY = YES_AGGRESSIVE;
				CLANG_WARN_UNREACHABLE_CODE = YES;
				CLANG_WARN__DUPLICATE_METHOD_MATCH = YES;
				COPY_PHASE_STRIP = NO;
				DEBUG_INFORMATION_FORMAT = "dwarf-with-dsym";
				ENABLE_NS_ASSERTIONS = NO;
				ENABLE_STRICT_OBJC_MSGSEND = YES;
				GCC_C_LANGUAGE_STANDARD = gnu11;
				GCC_NO_COMMON_BLOCKS = YES;
				GCC_WARN_64_TO_32_BIT_CONVERSION = YES;
				GCC_WARN_ABOUT_RETURN_TYPE = YES_ERROR;
				GCC_WARN_UNDECLARED_SELECTOR = YES;
				GCC_WARN_UNINITIALIZED_AUTOS = YES_AGGRESSIVE;
				GCC_WARN_UNUSED_FUNCTION = YES;
				GCC_WARN_UNUSED_VARIABLE = YES;
				IPHONEOS_DEPLOYMENT_TARGET = 16.0;
				MTL_ENABLE_DEBUG_INFO = NO;
				MTL_FAST_MATH = YES;
				SDKROOT = iphoneos;
				SWIFT_COMPILATION_MODE = wholemodule;
				SWIFT_OPTIMIZATION_LEVEL = "-O";
				VALIDATE_PRODUCT = YES;
			};
			name = Release;
		};
		0AB24A5529F764000044B9D3 /* Debug */ = {
			isa = XCBuildConfiguration;
			buildSettings = {
				ASSETCATALOG_COMPILER_APPICON_NAME = AppIcon;
				ASSETCATALOG_COMPILER_GLOBAL_ACCENT_COLOR_NAME = AccentColor;
				CODE_SIGN_STYLE = Automatic;
				CURRENT_PROJECT_VERSION = 1;
				DEVELOPMENT_TEAM = Q6HZC66458;
				GENERATE_INFOPLIST_FILE = YES;
				INFOPLIST_FILE = "Oops Coding Challenge/Info.plist";
				INFOPLIST_KEY_UIApplicationSupportsIndirectInputEvents = YES;
				INFOPLIST_KEY_UILaunchStoryboardName = LaunchScreen;
				INFOPLIST_KEY_UISupportedInterfaceOrientations_iPad = "UIInterfaceOrientationPortrait UIInterfaceOrientationPortraitUpsideDown UIInterfaceOrientationLandscapeLeft UIInterfaceOrientationLandscapeRight";
				INFOPLIST_KEY_UISupportedInterfaceOrientations_iPhone = "UIInterfaceOrientationPortrait UIInterfaceOrientationLandscapeLeft UIInterfaceOrientationLandscapeRight";
				LD_RUNPATH_SEARCH_PATHS = (
					"$(inherited)",
					"@executable_path/Frameworks",
				);
				MARKETING_VERSION = 1.0;
				PRODUCT_BUNDLE_IDENTIFIER = "com.justinschwartz.Oops-Coding-Challenge";
				PRODUCT_NAME = "$(TARGET_NAME)";
				SWIFT_EMIT_LOC_STRINGS = YES;
				SWIFT_VERSION = 5.0;
				TARGETED_DEVICE_FAMILY = "1,2";
			};
			name = Debug;
		};
		0AB24A5629F764000044B9D3 /* Release */ = {
			isa = XCBuildConfiguration;
			buildSettings = {
				ASSETCATALOG_COMPILER_APPICON_NAME = AppIcon;
				ASSETCATALOG_COMPILER_GLOBAL_ACCENT_COLOR_NAME = AccentColor;
				CODE_SIGN_STYLE = Automatic;
				CURRENT_PROJECT_VERSION = 1;
				DEVELOPMENT_TEAM = Q6HZC66458;
				GENERATE_INFOPLIST_FILE = YES;
				INFOPLIST_FILE = "Oops Coding Challenge/Info.plist";
				INFOPLIST_KEY_UIApplicationSupportsIndirectInputEvents = YES;
				INFOPLIST_KEY_UILaunchStoryboardName = LaunchScreen;
				INFOPLIST_KEY_UISupportedInterfaceOrientations_iPad = "UIInterfaceOrientationPortrait UIInterfaceOrientationPortraitUpsideDown UIInterfaceOrientationLandscapeLeft UIInterfaceOrientationLandscapeRight";
				INFOPLIST_KEY_UISupportedInterfaceOrientations_iPhone = "UIInterfaceOrientationPortrait UIInterfaceOrientationLandscapeLeft UIInterfaceOrientationLandscapeRight";
				LD_RUNPATH_SEARCH_PATHS = (
					"$(inherited)",
					"@executable_path/Frameworks",
				);
				MARKETING_VERSION = 1.0;
				PRODUCT_BUNDLE_IDENTIFIER = "com.justinschwartz.Oops-Coding-Challenge";
				PRODUCT_NAME = "$(TARGET_NAME)";
				SWIFT_EMIT_LOC_STRINGS = YES;
				SWIFT_VERSION = 5.0;
				TARGETED_DEVICE_FAMILY = "1,2";
			};
			name = Release;
		};
		0AB24A5829F764000044B9D3 /* Debug */ = {
			isa = XCBuildConfiguration;
			buildSettings = {
				ALWAYS_EMBED_SWIFT_STANDARD_LIBRARIES = YES;
				BUNDLE_LOADER = "$(TEST_HOST)";
				CODE_SIGN_STYLE = Automatic;
				CURRENT_PROJECT_VERSION = 1;
				DEVELOPMENT_TEAM = Q6HZC66458;
				GENERATE_INFOPLIST_FILE = YES;
				IPHONEOS_DEPLOYMENT_TARGET = 16.4;
				MARKETING_VERSION = 1.0;
				PRODUCT_BUNDLE_IDENTIFIER = "com.justinschwartz.Oops-Coding-ChallengeTests";
				PRODUCT_NAME = "$(TARGET_NAME)";
				SWIFT_EMIT_LOC_STRINGS = NO;
				SWIFT_VERSION = 5.0;
				TARGETED_DEVICE_FAMILY = "1,2";
				TEST_HOST = "$(BUILT_PRODUCTS_DIR)/Oops Coding Challenge.app/$(BUNDLE_EXECUTABLE_FOLDER_PATH)/Oops Coding Challenge";
			};
			name = Debug;
		};
		0AB24A5929F764000044B9D3 /* Release */ = {
			isa = XCBuildConfiguration;
			buildSettings = {
				ALWAYS_EMBED_SWIFT_STANDARD_LIBRARIES = YES;
				BUNDLE_LOADER = "$(TEST_HOST)";
				CODE_SIGN_STYLE = Automatic;
				CURRENT_PROJECT_VERSION = 1;
				DEVELOPMENT_TEAM = Q6HZC66458;
				GENERATE_INFOPLIST_FILE = YES;
				IPHONEOS_DEPLOYMENT_TARGET = 16.4;
				MARKETING_VERSION = 1.0;
				PRODUCT_BUNDLE_IDENTIFIER = "com.justinschwartz.Oops-Coding-ChallengeTests";
				PRODUCT_NAME = "$(TARGET_NAME)";
				SWIFT_EMIT_LOC_STRINGS = NO;
				SWIFT_VERSION = 5.0;
				TARGETED_DEVICE_FAMILY = "1,2";
				TEST_HOST = "$(BUILT_PRODUCTS_DIR)/Oops Coding Challenge.app/$(BUNDLE_EXECUTABLE_FOLDER_PATH)/Oops Coding Challenge";
			};
			name = Release;
		};
		0AB24A5B29F764000044B9D3 /* Debug */ = {
			isa = XCBuildConfiguration;
			buildSettings = {
				ALWAYS_EMBED_SWIFT_STANDARD_LIBRARIES = YES;
				CODE_SIGN_STYLE = Automatic;
				CURRENT_PROJECT_VERSION = 1;
				DEVELOPMENT_TEAM = Q6HZC66458;
				GENERATE_INFOPLIST_FILE = YES;
				MARKETING_VERSION = 1.0;
				PRODUCT_BUNDLE_IDENTIFIER = "com.justinschwartz.Oops-Coding-ChallengeUITests";
				PRODUCT_NAME = "$(TARGET_NAME)";
				SWIFT_EMIT_LOC_STRINGS = NO;
				SWIFT_VERSION = 5.0;
				TARGETED_DEVICE_FAMILY = "1,2";
				TEST_TARGET_NAME = "Oops Coding Challenge";
			};
			name = Debug;
		};
		0AB24A5C29F764000044B9D3 /* Release */ = {
			isa = XCBuildConfiguration;
			buildSettings = {
				ALWAYS_EMBED_SWIFT_STANDARD_LIBRARIES = YES;
				CODE_SIGN_STYLE = Automatic;
				CURRENT_PROJECT_VERSION = 1;
				DEVELOPMENT_TEAM = Q6HZC66458;
				GENERATE_INFOPLIST_FILE = YES;
				MARKETING_VERSION = 1.0;
				PRODUCT_BUNDLE_IDENTIFIER = "com.justinschwartz.Oops-Coding-ChallengeUITests";
				PRODUCT_NAME = "$(TARGET_NAME)";
				SWIFT_EMIT_LOC_STRINGS = NO;
				SWIFT_VERSION = 5.0;
				TARGETED_DEVICE_FAMILY = "1,2";
				TEST_TARGET_NAME = "Oops Coding Challenge";
			};
			name = Release;
		};
/* End XCBuildConfiguration section */

/* Begin XCConfigurationList section */
		0AB24A2229F763FE0044B9D3 /* Build configuration list for PBXProject "Oops Coding Challenge" */ = {
			isa = XCConfigurationList;
			buildConfigurations = (
				0AB24A5229F764000044B9D3 /* Debug */,
				0AB24A5329F764000044B9D3 /* Release */,
			);
			defaultConfigurationIsVisible = 0;
			defaultConfigurationName = Release;
		};
		0AB24A5429F764000044B9D3 /* Build configuration list for PBXNativeTarget "Oops Coding Challenge" */ = {
			isa = XCConfigurationList;
			buildConfigurations = (
				0AB24A5529F764000044B9D3 /* Debug */,
				0AB24A5629F764000044B9D3 /* Release */,
			);
			defaultConfigurationIsVisible = 0;
			defaultConfigurationName = Release;
		};
		0AB24A5729F764000044B9D3 /* Build configuration list for PBXNativeTarget "Oops Coding ChallengeTests" */ = {
			isa = XCConfigurationList;
			buildConfigurations = (
				0AB24A5829F764000044B9D3 /* Debug */,
				0AB24A5929F764000044B9D3 /* Release */,
			);
			defaultConfigurationIsVisible = 0;
			defaultConfigurationName = Release;
		};
		0AB24A5A29F764000044B9D3 /* Build configuration list for PBXNativeTarget "Oops Coding ChallengeUITests" */ = {
			isa = XCConfigurationList;
			buildConfigurations = (
				0AB24A5B29F764000044B9D3 /* Debug */,
				0AB24A5C29F764000044B9D3 /* Release */,
			);
			defaultConfigurationIsVisible = 0;
			defaultConfigurationName = Release;
		};
/* End XCConfigurationList section */

/* Begin XCRemoteSwiftPackageReference section */
		0AB24A8A29FA37980044B9D3 /* XCRemoteSwiftPackageReference "UIImageColors" */ = {
			isa = XCRemoteSwiftPackageReference;
			repositoryURL = "https://github.com/jathu/UIImageColors";
			requirement = {
				kind = upToNextMajorVersion;
				minimumVersion = 2.0.0;
			};
		};
		0AFCE0F129FAC76B00009C29 /* XCRemoteSwiftPackageReference "SDWebImageSwiftUI" */ = {
			isa = XCRemoteSwiftPackageReference;
			repositoryURL = "https://github.com/SDWebImage/SDWebImageSwiftUI";
			requirement = {
				kind = upToNextMajorVersion;
				minimumVersion = 2.0.0;
			};
		};
/* End XCRemoteSwiftPackageReference section */

/* Begin XCSwiftPackageProductDependency section */
		0AB24A8B29FA37980044B9D3 /* UIImageColors */ = {
			isa = XCSwiftPackageProductDependency;
			package = 0AB24A8A29FA37980044B9D3 /* XCRemoteSwiftPackageReference "UIImageColors" */;
			productName = UIImageColors;
		};
		0AFCE0F229FAC76B00009C29 /* SDWebImageSwiftUI */ = {
			isa = XCSwiftPackageProductDependency;
			package = 0AFCE0F129FAC76B00009C29 /* XCRemoteSwiftPackageReference "SDWebImageSwiftUI" */;
			productName = SDWebImageSwiftUI;
		};
/* End XCSwiftPackageProductDependency section */

/* Begin XCVersionGroup section */
		0AB24A3329F763FE0044B9D3 /* Oops_Coding_Challenge.xcdatamodeld */ = {
			isa = XCVersionGroup;
			children = (
				0AB24A3429F763FE0044B9D3 /* Oops_Coding_Challenge.xcdatamodel */,
			);
			currentVersion = 0AB24A3429F763FE0044B9D3 /* Oops_Coding_Challenge.xcdatamodel */;
			path = Oops_Coding_Challenge.xcdatamodeld;
			sourceTree = "<group>";
			versionGroupType = wrapper.xcdatamodel;
		};
/* End XCVersionGroup section */
	};
	rootObject = 0AB24A1F29F763FE0044B9D3 /* Project object */;
}
